<?xml version="1.0" encoding="utf-8"?>
<Project ToolsVersion="4.0" xmlns="http://schemas.microsoft.com/developer/msbuild/2003">
  <ItemGroup>
    <Filter Include="SDL2">
      <UniqueIdentifier>{e6a64012-5752-46a6-b195-cc0d6d3e664a}</UniqueIdentifier>
    </Filter>
    <Filter Include="Libraries">
      <UniqueIdentifier>{404b0756-bec7-4049-86be-d36b2d96daa4}</UniqueIdentifier>
    </Filter>
    <Filter Include="GUI">
      <UniqueIdentifier>{58545214-979f-4c4a-860e-1f6dcab1495e}</UniqueIdentifier>
    </Filter>
    <Filter Include="lv_drivers">
      <UniqueIdentifier>{d512fd63-00b2-43dc-ba1e-47f7d6908d03}</UniqueIdentifier>
    </Filter>
    <Filter Include="Basic">
      <UniqueIdentifier>{87f97c53-c0e6-4152-8b53-65391f7f0d42}</UniqueIdentifier>
    </Filter>
    <Filter Include="BSP">
      <UniqueIdentifier>{c9d7e201-8728-4703-a71b-1d46278a5f9e}</UniqueIdentifier>
    </Filter>
    <Filter Include="lvgl">
      <UniqueIdentifier>{283734b2-c9ed-4c1c-9773-aaa2d7ea3d08}</UniqueIdentifier>
    </Filter>
    <Filter Include="lvgl\src">
      <UniqueIdentifier>{4676a056-10d5-488d-bd9d-fad0fd79e32a}</UniqueIdentifier>
    </Filter>
    <Filter Include="lvgl\src\lv_core">
      <UniqueIdentifier>{df10a83a-69fe-4e3d-833a-25afe6763cba}</UniqueIdentifier>
    </Filter>
    <Filter Include="lvgl\src\lv_draw">
      <UniqueIdentifier>{f24a2862-fd53-4521-abb8-f0dbc97ad98c}</UniqueIdentifier>
    </Filter>
    <Filter Include="lvgl\src\lv_font">
      <UniqueIdentifier>{a70c24e0-1ff6-4ec3-8996-6f3be09b8a6d}</UniqueIdentifier>
    </Filter>
    <Filter Include="lvgl\src\lv_gpu">
      <UniqueIdentifier>{e01a8b06-a17d-4cae-94e6-3a13e5a05356}</UniqueIdentifier>
    </Filter>
    <Filter Include="lvgl\src\lv_hal">
      <UniqueIdentifier>{7ce50678-f48e-409e-8ba0-5136185a16c9}</UniqueIdentifier>
    </Filter>
    <Filter Include="lvgl\src\lv_misc">
      <UniqueIdentifier>{46dfd3dc-f05f-48aa-8b35-30419797fdce}</UniqueIdentifier>
    </Filter>
    <Filter Include="lvgl\src\lv_themes">
      <UniqueIdentifier>{60b28d18-cbff-4802-807c-93cc5fe089a9}</UniqueIdentifier>
    </Filter>
    <Filter Include="lvgl\src\lv_widgets">
      <UniqueIdentifier>{637172ac-4739-46b1-af29-996bab0325b5}</UniqueIdentifier>
    </Filter>
    <Filter Include="Game">
      <UniqueIdentifier>{5bc18bc3-6904-478e-88da-71081556a6f9}</UniqueIdentifier>
    </Filter>
    <Filter Include="Game\Arduboy">
      <UniqueIdentifier>{2bd10904-cb31-4d31-9adb-5852629fb651}</UniqueIdentifier>
    </Filter>
    <Filter Include="GUI\Font">
      <UniqueIdentifier>{6dfc2a09-7cda-4bb1-8325-972f873493ad}</UniqueIdentifier>
    </Filter>
    <Filter Include="GUI\IMG">
      <UniqueIdentifier>{31b043ba-41e9-4e96-9709-c9f83d8923ef}</UniqueIdentifier>
    </Filter>
    <Filter Include="GUI\lv_ext">
      <UniqueIdentifier>{2c4ecabd-5a6c-47b4-88cb-fd1943170c63}</UniqueIdentifier>
    </Filter>
    <Filter Include="GUI\Page">
      <UniqueIdentifier>{a53ea8f2-cde6-4673-ace4-8e9be7ae129d}</UniqueIdentifier>
    </Filter>
    <Filter Include="Game\Arduboy\audio">
      <UniqueIdentifier>{d115024e-017c-4569-98f1-458a5747c3d5}</UniqueIdentifier>
    </Filter>
    <Filter Include="Game\Arduboy\core">
      <UniqueIdentifier>{291097d5-915a-4bf5-8e2b-1090e979b7bc}</UniqueIdentifier>
    </Filter>
    <Filter Include="Game\Arduboy2">
      <UniqueIdentifier>{89567c52-5734-4064-8c2a-bdae647bc933}</UniqueIdentifier>
    </Filter>
    <Filter Include="Game\ArduinoLib">
      <UniqueIdentifier>{1267baa8-2f39-4e7a-a6f1-874348a35a1f}</UniqueIdentifier>
    </Filter>
    <Filter Include="Libraries\PageManager">
      <UniqueIdentifier>{682529aa-616a-4926-a015-62191a8c893f}</UniqueIdentifier>
    </Filter>
    <Filter Include="Libraries\EEPROM_File">
      <UniqueIdentifier>{e7064b0c-f7c1-4ef2-8e2e-87df8ef3aada}</UniqueIdentifier>
    </Filter>
    <Filter Include="Game\Games">
      <UniqueIdentifier>{b6b3b70a-10a5-4e07-88e3-0b56d072e0a9}</UniqueIdentifier>
    </Filter>
    <Filter Include="Game\Games\chribocchi">
      <UniqueIdentifier>{b5ad8038-ea56-44a8-9c04-546d0462a5a5}</UniqueIdentifier>
    </Filter>
    <Filter Include="Game\Games\Arduboy3D">
      <UniqueIdentifier>{cc142709-8c82-417d-9c95-76145632bc47}</UniqueIdentifier>
    </Filter>
    <Filter Include="Game\Games\Arduboy3D\Generated">
      <UniqueIdentifier>{b2f1755b-b929-4e95-8d66-f8b7024cc76a}</UniqueIdentifier>
    </Filter>
    <Filter Include="Game\ArduboyTones">
      <UniqueIdentifier>{9cf6b828-d690-44bf-afd6-cabf27b2715c}</UniqueIdentifier>
    </Filter>
    <Filter Include="GUI\lv_port">
      <UniqueIdentifier>{cf7ba811-28e4-41d2-9b96-5a794a26bad7}</UniqueIdentifier>
    </Filter>
    <Filter Include="lv_examples">
      <UniqueIdentifier>{36e62da8-0bf6-4248-b25a-91953c4dc0fb}</UniqueIdentifier>
    </Filter>
    <Filter Include="lv_examples\assets">
      <UniqueIdentifier>{7fa3d2c6-9985-4cb5-a1db-16cccfb0fb6d}</UniqueIdentifier>
    </Filter>
    <Filter Include="lv_examples\src">
      <UniqueIdentifier>{a1c818cd-d9d3-4701-ba00-4999f8425900}</UniqueIdentifier>
    </Filter>
    <Filter Include="lv_examples\src\lv_demo_benchmark">
      <UniqueIdentifier>{85f8f7aa-ca02-425e-87d6-3d4112ad3a7b}</UniqueIdentifier>
    </Filter>
    <Filter Include="lv_examples\src\lv_demo_widgets">
      <UniqueIdentifier>{c61f2096-61db-4279-99d4-5ff48d28e04d}</UniqueIdentifier>
    </Filter>
    <Filter Include="lv_examples\src\lv_demo_stress">
      <UniqueIdentifier>{99886c3e-e160-4474-8cb1-f1be1cb22983}</UniqueIdentifier>
    </Filter>
    <Filter Include="Libraries\Evaluate">
      <UniqueIdentifier>{37e25583-edaf-4f43-98c0-f31cd8dbf2a2}</UniqueIdentifier>
    </Filter>
    <Filter Include="Libraries\Matrix">
      <UniqueIdentifier>{f3e5b371-984b-49b7-96e1-7aa2fa9d361c}</UniqueIdentifier>
    </Filter>
    <Filter Include="Libraries\MemManager">
      <UniqueIdentifier>{d500858b-cbef-4fec-9916-56ae86ce2032}</UniqueIdentifier>
    </Filter>
  </ItemGroup>
  <ItemGroup>
    <ClCompile Include="main.cpp" />
    <ClCompile Include="lv_drivers\indev\AD_touch.c">
      <Filter>lv_drivers</Filter>
    </ClCompile>
    <ClCompile Include="lv_drivers\indev\evdev.c">
      <Filter>lv_drivers</Filter>
    </ClCompile>
    <ClCompile Include="lv_drivers\indev\FT5406EE8.c">
      <Filter>lv_drivers</Filter>
    </ClCompile>
    <ClCompile Include="lv_drivers\indev\keyboard.c">
      <Filter>lv_drivers</Filter>
    </ClCompile>
    <ClCompile Include="lv_drivers\indev\libinput.c">
      <Filter>lv_drivers</Filter>
    </ClCompile>
    <ClCompile Include="lv_drivers\indev\mouse.c">
      <Filter>lv_drivers</Filter>
    </ClCompile>
    <ClCompile Include="lv_drivers\indev\mousewheel.c">
      <Filter>lv_drivers</Filter>
    </ClCompile>
    <ClCompile Include="lv_drivers\indev\XPT2046.c">
      <Filter>lv_drivers</Filter>
    </ClCompile>
    <ClCompile Include="lv_drivers\win_drv.c">
      <Filter>lv_drivers</Filter>
    </ClCompile>
    <ClCompile Include="..\..\WatchX\GUI\DisplayAppWin.cpp">
      <Filter>GUI</Filter>
    </ClCompile>
    <ClCompile Include="..\..\WatchX\GUI\DisplayBasic.cpp">
      <Filter>GUI</Filter>
    </ClCompile>
    <ClCompile Include="..\..\WatchX\GUI\DisplayPage.cpp">
      <Filter>GUI</Filter>
    </ClCompile>
    <ClCompile Include="..\..\WatchX\GUI\Page\Page_Calculator.cpp">
      <Filter>GUI\Page</Filter>
    </ClCompile>
    <ClCompile Include="..\..\WatchX\GUI\Page\Page_DialPlate.cpp">
      <Filter>GUI\Page</Filter>
    </ClCompile>
    <ClCompile Include="..\..\WatchX\GUI\Page\Page_EXAMPLE.cpp">
      <Filter>GUI\Page</Filter>
    </ClCompile>
    <ClCompile Include="..\..\WatchX\GUI\Page\Page_MainMenu.cpp">
      <Filter>GUI\Page</Filter>
    </ClCompile>
    <ClCompile Include="..\..\WatchX\GUI\IMG\IMG_AppShadow.c">
      <Filter>GUI\IMG</Filter>
    </ClCompile>
    <ClCompile Include="..\..\WatchX\GUI\IMG\IMG_Bluetooth.c">
      <Filter>GUI\IMG</Filter>
    </ClCompile>
    <ClCompile Include="..\..\WatchX\GUI\IMG\IMG_Calculator.c">
      <Filter>GUI\IMG</Filter>
    </ClCompile>
    <ClCompile Include="..\..\WatchX\GUI\IMG\IMG_CHNSecond.c">
      <Filter>GUI\IMG</Filter>
    </ClCompile>
    <ClCompile Include="..\..\WatchX\GUI\IMG\IMG_DialPlate.c">
      <Filter>GUI\IMG</Filter>
    </ClCompile>
    <ClCompile Include="..\..\WatchX\GUI\IMG\IMG_FileExplorer.c">
      <Filter>GUI\IMG</Filter>
    </ClCompile>
    <ClCompile Include="..\..\WatchX\GUI\IMG\IMG_Game.c">
      <Filter>GUI\IMG</Filter>
    </ClCompile>
    <ClCompile Include="..\..\WatchX\GUI\IMG\IMG_Heart.c">
      <Filter>GUI\IMG</Filter>
    </ClCompile>
    <ClCompile Include="..\..\WatchX\GUI\IMG\IMG_HeartRate.c">
      <Filter>GUI\IMG</Filter>
    </ClCompile>
    <ClCompile Include="..\..\WatchX\GUI\IMG\IMG_Music.c">
      <Filter>GUI\IMG</Filter>
    </ClCompile>
    <ClCompile Include="..\..\WatchX\GUI\IMG\IMG_Power.c">
      <Filter>GUI\IMG</Filter>
    </ClCompile>
    <ClCompile Include="..\..\WatchX\GUI\IMG\IMG_Settings.c">
      <Filter>GUI\IMG</Filter>
    </ClCompile>
    <ClCompile Include="..\..\WatchX\GUI\IMG\IMG_Sleep.c">
      <Filter>GUI\IMG</Filter>
    </ClCompile>
    <ClCompile Include="..\..\WatchX\GUI\IMG\IMG_Sport.c">
      <Filter>GUI\IMG</Filter>
    </ClCompile>
    <ClCompile Include="..\..\WatchX\GUI\IMG\IMG_Stopwatch.c">
      <Filter>GUI\IMG</Filter>
    </ClCompile>
    <ClCompile Include="..\..\WatchX\GUI\Font\Font_MicrosoftYaHei_28.c">
      <Filter>GUI\Font</Filter>
    </ClCompile>
    <ClCompile Include="..\..\WatchX\GUI\Font\Font_RexBold_28.c">
      <Filter>GUI\Font</Filter>
    </ClCompile>
    <ClCompile Include="..\..\WatchX\GUI\Font\Font_RexBold_68.c">
      <Filter>GUI\Font</Filter>
    </ClCompile>
    <ClCompile Include="..\..\WatchX\GUI\Font\Font_RexBold_89.c">
      <Filter>GUI\Font</Filter>
    </ClCompile>
    <ClCompile Include="BSP\BSP_Backlight.cpp">
      <Filter>BSP</Filter>
    </ClCompile>
    <ClCompile Include="BSP\BSP_IMU.cpp">
      <Filter>BSP</Filter>
    </ClCompile>
    <ClCompile Include="BSP\BSP_ParticleSensor.cpp">
      <Filter>BSP</Filter>
    </ClCompile>
    <ClCompile Include="..\..\WatchX\GUI\lv_ext\lv_label_anim_effect.cpp">
      <Filter>GUI\lv_ext</Filter>
    </ClCompile>
    <ClCompile Include="..\..\WatchX\GUI\lv_ext\lv_obj_ext_func.cpp">
      <Filter>GUI\lv_ext</Filter>
    </ClCompile>
    <ClCompile Include="..\..\WatchX\GUI\lv_ext\lv_theme_watchx.c">
      <Filter>GUI\lv_ext</Filter>
    </ClCompile>
    <ClCompile Include="lv_drivers\display\fbdev.c">
      <Filter>lv_drivers</Filter>
    </ClCompile>
    <ClCompile Include="lv_drivers\display\monitor.c">
      <Filter>lv_drivers</Filter>
    </ClCompile>
    <ClCompile Include="lv_drivers\display\R61581.c">
      <Filter>lv_drivers</Filter>
    </ClCompile>
    <ClCompile Include="lv_drivers\display\SHARP_MIP.c">
      <Filter>lv_drivers</Filter>
    </ClCompile>
    <ClCompile Include="lv_drivers\display\SSD1963.c">
      <Filter>lv_drivers</Filter>
    </ClCompile>
    <ClCompile Include="lv_drivers\display\ST7565.c">
      <Filter>lv_drivers</Filter>
    </ClCompile>
    <ClCompile Include="lv_drivers\display\UC1610.c">
      <Filter>lv_drivers</Filter>
    </ClCompile>
    <ClCompile Include="BSP\BSP_Power.cpp">
      <Filter>BSP</Filter>
    </ClCompile>
    <ClCompile Include="..\..\WatchX\GUI\Page\Page_Stopwatch.cpp">
      <Filter>GUI\Page</Filter>
    </ClCompile>
    <ClCompile Include="..\..\WatchX\GUI\Font\Font_MicrosoftYaHei_50.c">
      <Filter>GUI\Font</Filter>
    </ClCompile>
    <ClCompile Include="..\..\WatchX\GUI\IMG\IMG_StopwatchAdd.c">
      <Filter>GUI\IMG</Filter>
    </ClCompile>
    <ClCompile Include="..\..\WatchX\GUI\IMG\IMG_StopwatchPause.c">
      <Filter>GUI\IMG</Filter>
    </ClCompile>
    <ClCompile Include="..\..\WatchX\GUI\IMG\IMG_StopwatchReset.c">
      <Filter>GUI\IMG</Filter>
    </ClCompile>
    <ClCompile Include="..\..\WatchX\GUI\IMG\IMG_StopwatchStart.c">
      <Filter>GUI\IMG</Filter>
    </ClCompile>
    <ClCompile Include="..\..\WatchX\GUI\lv_ext\lv_anim_timeline.cpp">
      <Filter>GUI\lv_ext</Filter>
    </ClCompile>
    <ClCompile Include="..\..\WatchX\GUI\Page\Page_HeartRate.cpp">
      <Filter>GUI\Page</Filter>
    </ClCompile>
    <ClCompile Include="..\..\WatchX\GUI\Page\Page_Settings.cpp">
      <Filter>GUI\Page</Filter>
    </ClCompile>
    <ClCompile Include="..\..\WatchX\GUI\IMG\IMG_HeartrateTinyheart.c">
      <Filter>GUI\IMG</Filter>
    </ClCompile>
    <ClCompile Include="..\..\WatchX\GUI\Font\Font_MicrosoftYaHei_16.c">
      <Filter>GUI\Font</Filter>
    </ClCompile>
    <ClCompile Include="..\..\WatchX\GUI\DisplayStatusBar.cpp">
      <Filter>GUI</Filter>
    </ClCompile>
    <ClCompile Include="..\..\WatchX\GUI\Page\Page_BacklightSet.cpp">
      <Filter>GUI\Page</Filter>
    </ClCompile>
    <ClCompile Include="..\..\WatchX\GUI\Page\Page_TimeSet.cpp">
      <Filter>GUI\Page</Filter>
    </ClCompile>
    <ClCompile Include="..\..\Libraries\lvgl\src\lv_core\lv_disp.c">
      <Filter>lvgl\src\lv_core</Filter>
    </ClCompile>
    <ClCompile Include="..\..\Libraries\lvgl\src\lv_core\lv_group.c">
      <Filter>lvgl\src\lv_core</Filter>
    </ClCompile>
    <ClCompile Include="..\..\Libraries\lvgl\src\lv_core\lv_indev.c">
      <Filter>lvgl\src\lv_core</Filter>
    </ClCompile>
    <ClCompile Include="..\..\Libraries\lvgl\src\lv_core\lv_obj.c">
      <Filter>lvgl\src\lv_core</Filter>
    </ClCompile>
    <ClCompile Include="..\..\Libraries\lvgl\src\lv_core\lv_refr.c">
      <Filter>lvgl\src\lv_core</Filter>
    </ClCompile>
    <ClCompile Include="..\..\Libraries\lvgl\src\lv_core\lv_style.c">
      <Filter>lvgl\src\lv_core</Filter>
    </ClCompile>
    <ClCompile Include="..\..\Libraries\lvgl\src\lv_draw\lv_draw_arc.c">
      <Filter>lvgl\src\lv_draw</Filter>
    </ClCompile>
    <ClCompile Include="..\..\Libraries\lvgl\src\lv_draw\lv_draw_blend.c">
      <Filter>lvgl\src\lv_draw</Filter>
    </ClCompile>
    <ClCompile Include="..\..\Libraries\lvgl\src\lv_draw\lv_draw_img.c">
      <Filter>lvgl\src\lv_draw</Filter>
    </ClCompile>
    <ClCompile Include="..\..\Libraries\lvgl\src\lv_draw\lv_draw_label.c">
      <Filter>lvgl\src\lv_draw</Filter>
    </ClCompile>
    <ClCompile Include="..\..\Libraries\lvgl\src\lv_draw\lv_draw_line.c">
      <Filter>lvgl\src\lv_draw</Filter>
    </ClCompile>
    <ClCompile Include="..\..\Libraries\lvgl\src\lv_draw\lv_draw_mask.c">
      <Filter>lvgl\src\lv_draw</Filter>
    </ClCompile>
    <ClCompile Include="..\..\Libraries\lvgl\src\lv_draw\lv_draw_rect.c">
      <Filter>lvgl\src\lv_draw</Filter>
    </ClCompile>
    <ClCompile Include="..\..\Libraries\lvgl\src\lv_draw\lv_draw_triangle.c">
      <Filter>lvgl\src\lv_draw</Filter>
    </ClCompile>
    <ClCompile Include="..\..\Libraries\lvgl\src\lv_draw\lv_img_buf.c">
      <Filter>lvgl\src\lv_draw</Filter>
    </ClCompile>
    <ClCompile Include="..\..\Libraries\lvgl\src\lv_draw\lv_img_cache.c">
      <Filter>lvgl\src\lv_draw</Filter>
    </ClCompile>
    <ClCompile Include="..\..\Libraries\lvgl\src\lv_draw\lv_img_decoder.c">
      <Filter>lvgl\src\lv_draw</Filter>
    </ClCompile>
    <ClCompile Include="..\..\Libraries\lvgl\src\lv_font\lv_font.c">
      <Filter>lvgl\src\lv_font</Filter>
    </ClCompile>
    <ClCompile Include="..\..\Libraries\lvgl\src\lv_font\lv_font_dejavu_16_persian_hebrew.c">
      <Filter>lvgl\src\lv_font</Filter>
    </ClCompile>
    <ClCompile Include="..\..\Libraries\lvgl\src\lv_font\lv_font_fmt_txt.c">
      <Filter>lvgl\src\lv_font</Filter>
    </ClCompile>
    <ClCompile Include="..\..\Libraries\lvgl\src\lv_font\lv_font_loader.c">
      <Filter>lvgl\src\lv_font</Filter>
    </ClCompile>
    <ClCompile Include="..\..\Libraries\lvgl\src\lv_font\lv_font_montserrat_8.c">
      <Filter>lvgl\src\lv_font</Filter>
    </ClCompile>
    <ClCompile Include="..\..\Libraries\lvgl\src\lv_font\lv_font_montserrat_10.c">
      <Filter>lvgl\src\lv_font</Filter>
    </ClCompile>
    <ClCompile Include="..\..\Libraries\lvgl\src\lv_font\lv_font_montserrat_12.c">
      <Filter>lvgl\src\lv_font</Filter>
    </ClCompile>
    <ClCompile Include="..\..\Libraries\lvgl\src\lv_font\lv_font_montserrat_12_subpx.c">
      <Filter>lvgl\src\lv_font</Filter>
    </ClCompile>
    <ClCompile Include="..\..\Libraries\lvgl\src\lv_font\lv_font_montserrat_14.c">
      <Filter>lvgl\src\lv_font</Filter>
    </ClCompile>
    <ClCompile Include="..\..\Libraries\lvgl\src\lv_font\lv_font_montserrat_16.c">
      <Filter>lvgl\src\lv_font</Filter>
    </ClCompile>
    <ClCompile Include="..\..\Libraries\lvgl\src\lv_font\lv_font_montserrat_18.c">
      <Filter>lvgl\src\lv_font</Filter>
    </ClCompile>
    <ClCompile Include="..\..\Libraries\lvgl\src\lv_font\lv_font_montserrat_20.c">
      <Filter>lvgl\src\lv_font</Filter>
    </ClCompile>
    <ClCompile Include="..\..\Libraries\lvgl\src\lv_font\lv_font_montserrat_22.c">
      <Filter>lvgl\src\lv_font</Filter>
    </ClCompile>
    <ClCompile Include="..\..\Libraries\lvgl\src\lv_font\lv_font_montserrat_24.c">
      <Filter>lvgl\src\lv_font</Filter>
    </ClCompile>
    <ClCompile Include="..\..\Libraries\lvgl\src\lv_font\lv_font_montserrat_26.c">
      <Filter>lvgl\src\lv_font</Filter>
    </ClCompile>
    <ClCompile Include="..\..\Libraries\lvgl\src\lv_font\lv_font_montserrat_28.c">
      <Filter>lvgl\src\lv_font</Filter>
    </ClCompile>
    <ClCompile Include="..\..\Libraries\lvgl\src\lv_font\lv_font_montserrat_28_compressed.c">
      <Filter>lvgl\src\lv_font</Filter>
    </ClCompile>
    <ClCompile Include="..\..\Libraries\lvgl\src\lv_font\lv_font_montserrat_30.c">
      <Filter>lvgl\src\lv_font</Filter>
    </ClCompile>
    <ClCompile Include="..\..\Libraries\lvgl\src\lv_font\lv_font_montserrat_32.c">
      <Filter>lvgl\src\lv_font</Filter>
    </ClCompile>
    <ClCompile Include="..\..\Libraries\lvgl\src\lv_font\lv_font_montserrat_34.c">
      <Filter>lvgl\src\lv_font</Filter>
    </ClCompile>
    <ClCompile Include="..\..\Libraries\lvgl\src\lv_font\lv_font_montserrat_36.c">
      <Filter>lvgl\src\lv_font</Filter>
    </ClCompile>
    <ClCompile Include="..\..\Libraries\lvgl\src\lv_font\lv_font_montserrat_38.c">
      <Filter>lvgl\src\lv_font</Filter>
    </ClCompile>
    <ClCompile Include="..\..\Libraries\lvgl\src\lv_font\lv_font_montserrat_40.c">
      <Filter>lvgl\src\lv_font</Filter>
    </ClCompile>
    <ClCompile Include="..\..\Libraries\lvgl\src\lv_font\lv_font_montserrat_42.c">
      <Filter>lvgl\src\lv_font</Filter>
    </ClCompile>
    <ClCompile Include="..\..\Libraries\lvgl\src\lv_font\lv_font_montserrat_44.c">
      <Filter>lvgl\src\lv_font</Filter>
    </ClCompile>
    <ClCompile Include="..\..\Libraries\lvgl\src\lv_font\lv_font_montserrat_46.c">
      <Filter>lvgl\src\lv_font</Filter>
    </ClCompile>
    <ClCompile Include="..\..\Libraries\lvgl\src\lv_font\lv_font_montserrat_48.c">
      <Filter>lvgl\src\lv_font</Filter>
    </ClCompile>
    <ClCompile Include="..\..\Libraries\lvgl\src\lv_font\lv_font_simsun_16_cjk.c">
      <Filter>lvgl\src\lv_font</Filter>
    </ClCompile>
    <ClCompile Include="..\..\Libraries\lvgl\src\lv_font\lv_font_unscii_8.c">
      <Filter>lvgl\src\lv_font</Filter>
    </ClCompile>
    <ClCompile Include="..\..\Libraries\lvgl\src\lv_hal\lv_hal_disp.c">
      <Filter>lvgl\src\lv_hal</Filter>
    </ClCompile>
    <ClCompile Include="..\..\Libraries\lvgl\src\lv_hal\lv_hal_indev.c">
      <Filter>lvgl\src\lv_hal</Filter>
    </ClCompile>
    <ClCompile Include="..\..\Libraries\lvgl\src\lv_hal\lv_hal_tick.c">
      <Filter>lvgl\src\lv_hal</Filter>
    </ClCompile>
    <ClCompile Include="..\..\Libraries\lvgl\src\lv_misc\lv_anim.c">
      <Filter>lvgl\src\lv_misc</Filter>
    </ClCompile>
    <ClCompile Include="..\..\Libraries\lvgl\src\lv_misc\lv_area.c">
      <Filter>lvgl\src\lv_misc</Filter>
    </ClCompile>
    <ClCompile Include="..\..\Libraries\lvgl\src\lv_misc\lv_async.c">
      <Filter>lvgl\src\lv_misc</Filter>
    </ClCompile>
    <ClCompile Include="..\..\Libraries\lvgl\src\lv_misc\lv_bidi.c">
      <Filter>lvgl\src\lv_misc</Filter>
    </ClCompile>
    <ClCompile Include="..\..\Libraries\lvgl\src\lv_misc\lv_color.c">
      <Filter>lvgl\src\lv_misc</Filter>
    </ClCompile>
    <ClCompile Include="..\..\Libraries\lvgl\src\lv_misc\lv_debug.c">
      <Filter>lvgl\src\lv_misc</Filter>
    </ClCompile>
    <ClCompile Include="..\..\Libraries\lvgl\src\lv_misc\lv_fs.c">
      <Filter>lvgl\src\lv_misc</Filter>
    </ClCompile>
    <ClCompile Include="..\..\Libraries\lvgl\src\lv_misc\lv_gc.c">
      <Filter>lvgl\src\lv_misc</Filter>
    </ClCompile>
    <ClCompile Include="..\..\Libraries\lvgl\src\lv_misc\lv_ll.c">
      <Filter>lvgl\src\lv_misc</Filter>
    </ClCompile>
    <ClCompile Include="..\..\Libraries\lvgl\src\lv_misc\lv_log.c">
      <Filter>lvgl\src\lv_misc</Filter>
    </ClCompile>
    <ClCompile Include="..\..\Libraries\lvgl\src\lv_misc\lv_math.c">
      <Filter>lvgl\src\lv_misc</Filter>
    </ClCompile>
    <ClCompile Include="..\..\Libraries\lvgl\src\lv_misc\lv_mem.c">
      <Filter>lvgl\src\lv_misc</Filter>
    </ClCompile>
    <ClCompile Include="..\..\Libraries\lvgl\src\lv_misc\lv_printf.c">
      <Filter>lvgl\src\lv_misc</Filter>
    </ClCompile>
    <ClCompile Include="..\..\Libraries\lvgl\src\lv_misc\lv_task.c">
      <Filter>lvgl\src\lv_misc</Filter>
    </ClCompile>
    <ClCompile Include="..\..\Libraries\lvgl\src\lv_misc\lv_templ.c">
      <Filter>lvgl\src\lv_misc</Filter>
    </ClCompile>
    <ClCompile Include="..\..\Libraries\lvgl\src\lv_misc\lv_txt.c">
      <Filter>lvgl\src\lv_misc</Filter>
    </ClCompile>
    <ClCompile Include="..\..\Libraries\lvgl\src\lv_misc\lv_txt_ap.c">
      <Filter>lvgl\src\lv_misc</Filter>
    </ClCompile>
    <ClCompile Include="..\..\Libraries\lvgl\src\lv_misc\lv_utils.c">
      <Filter>lvgl\src\lv_misc</Filter>
    </ClCompile>
    <ClCompile Include="..\..\Libraries\lvgl\src\lv_themes\lv_theme.c">
      <Filter>lvgl\src\lv_themes</Filter>
    </ClCompile>
    <ClCompile Include="..\..\Libraries\lvgl\src\lv_themes\lv_theme_empty.c">
      <Filter>lvgl\src\lv_themes</Filter>
    </ClCompile>
    <ClCompile Include="..\..\Libraries\lvgl\src\lv_themes\lv_theme_material.c">
      <Filter>lvgl\src\lv_themes</Filter>
    </ClCompile>
    <ClCompile Include="..\..\Libraries\lvgl\src\lv_themes\lv_theme_mono.c">
      <Filter>lvgl\src\lv_themes</Filter>
    </ClCompile>
    <ClCompile Include="..\..\Libraries\lvgl\src\lv_themes\lv_theme_template.c">
      <Filter>lvgl\src\lv_themes</Filter>
    </ClCompile>
    <ClCompile Include="..\..\Libraries\lvgl\src\lv_widgets\lv_arc.c">
      <Filter>lvgl\src\lv_widgets</Filter>
    </ClCompile>
    <ClCompile Include="..\..\Libraries\lvgl\src\lv_widgets\lv_bar.c">
      <Filter>lvgl\src\lv_widgets</Filter>
    </ClCompile>
    <ClCompile Include="..\..\Libraries\lvgl\src\lv_widgets\lv_btn.c">
      <Filter>lvgl\src\lv_widgets</Filter>
    </ClCompile>
    <ClCompile Include="..\..\Libraries\lvgl\src\lv_widgets\lv_btnmatrix.c">
      <Filter>lvgl\src\lv_widgets</Filter>
    </ClCompile>
    <ClCompile Include="..\..\Libraries\lvgl\src\lv_widgets\lv_calendar.c">
      <Filter>lvgl\src\lv_widgets</Filter>
    </ClCompile>
    <ClCompile Include="..\..\Libraries\lvgl\src\lv_widgets\lv_canvas.c">
      <Filter>lvgl\src\lv_widgets</Filter>
    </ClCompile>
    <ClCompile Include="..\..\Libraries\lvgl\src\lv_widgets\lv_chart.c">
      <Filter>lvgl\src\lv_widgets</Filter>
    </ClCompile>
    <ClCompile Include="..\..\Libraries\lvgl\src\lv_widgets\lv_checkbox.c">
      <Filter>lvgl\src\lv_widgets</Filter>
    </ClCompile>
    <ClCompile Include="..\..\Libraries\lvgl\src\lv_widgets\lv_cont.c">
      <Filter>lvgl\src\lv_widgets</Filter>
    </ClCompile>
    <ClCompile Include="..\..\Libraries\lvgl\src\lv_widgets\lv_cpicker.c">
      <Filter>lvgl\src\lv_widgets</Filter>
    </ClCompile>
    <ClCompile Include="..\..\Libraries\lvgl\src\lv_widgets\lv_dropdown.c">
      <Filter>lvgl\src\lv_widgets</Filter>
    </ClCompile>
    <ClCompile Include="..\..\Libraries\lvgl\src\lv_widgets\lv_gauge.c">
      <Filter>lvgl\src\lv_widgets</Filter>
    </ClCompile>
    <ClCompile Include="..\..\Libraries\lvgl\src\lv_widgets\lv_img.c">
      <Filter>lvgl\src\lv_widgets</Filter>
    </ClCompile>
    <ClCompile Include="..\..\Libraries\lvgl\src\lv_widgets\lv_imgbtn.c">
      <Filter>lvgl\src\lv_widgets</Filter>
    </ClCompile>
    <ClCompile Include="..\..\Libraries\lvgl\src\lv_widgets\lv_keyboard.c">
      <Filter>lvgl\src\lv_widgets</Filter>
    </ClCompile>
    <ClCompile Include="..\..\Libraries\lvgl\src\lv_widgets\lv_label.c">
      <Filter>lvgl\src\lv_widgets</Filter>
    </ClCompile>
    <ClCompile Include="..\..\Libraries\lvgl\src\lv_widgets\lv_led.c">
      <Filter>lvgl\src\lv_widgets</Filter>
    </ClCompile>
    <ClCompile Include="..\..\Libraries\lvgl\src\lv_widgets\lv_line.c">
      <Filter>lvgl\src\lv_widgets</Filter>
    </ClCompile>
    <ClCompile Include="..\..\Libraries\lvgl\src\lv_widgets\lv_linemeter.c">
      <Filter>lvgl\src\lv_widgets</Filter>
    </ClCompile>
    <ClCompile Include="..\..\Libraries\lvgl\src\lv_widgets\lv_list.c">
      <Filter>lvgl\src\lv_widgets</Filter>
    </ClCompile>
    <ClCompile Include="..\..\Libraries\lvgl\src\lv_widgets\lv_msgbox.c">
      <Filter>lvgl\src\lv_widgets</Filter>
    </ClCompile>
    <ClCompile Include="..\..\Libraries\lvgl\src\lv_widgets\lv_objmask.c">
      <Filter>lvgl\src\lv_widgets</Filter>
    </ClCompile>
    <ClCompile Include="..\..\Libraries\lvgl\src\lv_widgets\lv_objx_templ.c">
      <Filter>lvgl\src\lv_widgets</Filter>
    </ClCompile>
    <ClCompile Include="..\..\Libraries\lvgl\src\lv_widgets\lv_page.c">
      <Filter>lvgl\src\lv_widgets</Filter>
    </ClCompile>
    <ClCompile Include="..\..\Libraries\lvgl\src\lv_widgets\lv_roller.c">
      <Filter>lvgl\src\lv_widgets</Filter>
    </ClCompile>
    <ClCompile Include="..\..\Libraries\lvgl\src\lv_widgets\lv_slider.c">
      <Filter>lvgl\src\lv_widgets</Filter>
    </ClCompile>
    <ClCompile Include="..\..\Libraries\lvgl\src\lv_widgets\lv_spinbox.c">
      <Filter>lvgl\src\lv_widgets</Filter>
    </ClCompile>
    <ClCompile Include="..\..\Libraries\lvgl\src\lv_widgets\lv_spinner.c">
      <Filter>lvgl\src\lv_widgets</Filter>
    </ClCompile>
    <ClCompile Include="..\..\Libraries\lvgl\src\lv_widgets\lv_switch.c">
      <Filter>lvgl\src\lv_widgets</Filter>
    </ClCompile>
    <ClCompile Include="..\..\Libraries\lvgl\src\lv_widgets\lv_table.c">
      <Filter>lvgl\src\lv_widgets</Filter>
    </ClCompile>
    <ClCompile Include="..\..\Libraries\lvgl\src\lv_widgets\lv_tabview.c">
      <Filter>lvgl\src\lv_widgets</Filter>
    </ClCompile>
    <ClCompile Include="..\..\Libraries\lvgl\src\lv_widgets\lv_textarea.c">
      <Filter>lvgl\src\lv_widgets</Filter>
    </ClCompile>
    <ClCompile Include="..\..\Libraries\lvgl\src\lv_widgets\lv_tileview.c">
      <Filter>lvgl\src\lv_widgets</Filter>
    </ClCompile>
    <ClCompile Include="..\..\Libraries\lvgl\src\lv_widgets\lv_win.c">
      <Filter>lvgl\src\lv_widgets</Filter>
    </ClCompile>
    <ClCompile Include="..\..\WatchX\Game\GameDisp.cpp">
      <Filter>Game</Filter>
    </ClCompile>
    <ClCompile Include="..\..\WatchX\Game\GameManager.cpp">
      <Filter>Game</Filter>
    </ClCompile>
    <ClCompile Include="..\..\WatchX\Game\Page_Game.cpp">
      <Filter>Game</Filter>
    </ClCompile>
    <ClCompile Include="..\..\WatchX\Game\Page_GameSelect.cpp">
      <Filter>Game</Filter>
    </ClCompile>
    <ClCompile Include="..\..\WatchX\Game\Arduboy\audio\audio.cpp">
      <Filter>Game\Arduboy\audio</Filter>
    </ClCompile>
    <ClCompile Include="..\..\WatchX\Game\Arduboy\core\core.cpp">
      <Filter>Game\Arduboy\core</Filter>
    </ClCompile>
    <ClCompile Include="..\..\WatchX\Game\Arduboy\Arduboy.cpp">
      <Filter>Game\Arduboy</Filter>
    </ClCompile>
    <ClCompile Include="..\..\WatchX\Game\Arduboy2\ab_logo.c">
      <Filter>Game\Arduboy2</Filter>
    </ClCompile>
    <ClCompile Include="..\..\WatchX\Game\Arduboy2\Arduboy2.cpp">
      <Filter>Game\Arduboy2</Filter>
    </ClCompile>
    <ClCompile Include="..\..\WatchX\Game\Arduboy2\Arduboy2Audio.cpp">
      <Filter>Game\Arduboy2</Filter>
    </ClCompile>
    <ClCompile Include="..\..\WatchX\Game\Arduboy2\Arduboy2Beep.cpp">
      <Filter>Game\Arduboy2</Filter>
    </ClCompile>
    <ClCompile Include="..\..\WatchX\Game\Arduboy2\Arduboy2Core.cpp">
      <Filter>Game\Arduboy2</Filter>
    </ClCompile>
    <ClCompile Include="..\..\WatchX\Game\Arduboy2\glcdfont.c">
      <Filter>Game\Arduboy2</Filter>
    </ClCompile>
    <ClCompile Include="..\..\WatchX\Game\Arduboy2\Sprites.cpp">
      <Filter>Game\Arduboy2</Filter>
    </ClCompile>
    <ClCompile Include="..\..\WatchX\Game\Arduboy2\SpritesB.cpp">
      <Filter>Game\Arduboy2</Filter>
    </ClCompile>
    <ClCompile Include="..\..\WatchX\Game\ArduinoLib\dtostrf.c">
      <Filter>Game\ArduinoLib</Filter>
    </ClCompile>
    <ClCompile Include="..\..\WatchX\Game\ArduinoLib\Print.cpp">
      <Filter>Game\ArduinoLib</Filter>
    </ClCompile>
    <ClCompile Include="..\..\WatchX\Game\ArduinoLib\Stream.cpp">
      <Filter>Game\ArduinoLib</Filter>
    </ClCompile>
    <ClCompile Include="..\..\WatchX\Game\ArduinoLib\WMath.cpp">
      <Filter>Game\ArduinoLib</Filter>
    </ClCompile>
    <ClCompile Include="..\..\WatchX\Game\ArduinoLib\WString.cpp">
      <Filter>Game\ArduinoLib</Filter>
    </ClCompile>
    <ClCompile Include="..\..\WatchX\Game\ArduinoLib\Arduino.cpp">
      <Filter>Game\ArduinoLib</Filter>
    </ClCompile>
    <ClCompile Include="..\..\Libraries\PageManager\PageManager.cpp">
      <Filter>Libraries\PageManager</Filter>
    </ClCompile>
    <ClCompile Include="..\..\Libraries\EEPROM_File\EEPROM_File.cpp">
      <Filter>Libraries\EEPROM_File</Filter>
    </ClCompile>
    <ClCompile Include="..\..\WatchX\Game\Games\chribocchi\chribocchi.cpp">
      <Filter>Game\Games\chribocchi</Filter>
    </ClCompile>
    <ClCompile Include="..\..\WatchX\Game\Games\chribocchi\game.cpp">
      <Filter>Game\Games\chribocchi</Filter>
    </ClCompile>
    <ClCompile Include="..\..\WatchX\Game\Games\chribocchi\logo.cpp">
      <Filter>Game\Games\chribocchi</Filter>
    </ClCompile>
    <ClCompile Include="..\..\WatchX\Game\Games\chribocchi\MyArduboy.cpp">
      <Filter>Game\Games\chribocchi</Filter>
    </ClCompile>
    <ClCompile Include="..\..\WatchX\Game\Games\chribocchi\title.cpp">
      <Filter>Game\Games\chribocchi</Filter>
    </ClCompile>
    <ClCompile Include="..\..\WatchX\Game\Games\Arduboy3D\Arduboy3D.cpp">
      <Filter>Game\Games\Arduboy3D</Filter>
    </ClCompile>
    <ClCompile Include="..\..\WatchX\Game\Games\Arduboy3D\Draw.cpp">
      <Filter>Game\Games\Arduboy3D</Filter>
    </ClCompile>
    <ClCompile Include="..\..\WatchX\Game\Games\Arduboy3D\Enemy.cpp">
      <Filter>Game\Games\Arduboy3D</Filter>
    </ClCompile>
    <ClCompile Include="..\..\WatchX\Game\Games\Arduboy3D\Entity.cpp">
      <Filter>Game\Games\Arduboy3D</Filter>
    </ClCompile>
    <ClCompile Include="..\..\WatchX\Game\Games\Arduboy3D\FixedMath.cpp">
      <Filter>Game\Games\Arduboy3D</Filter>
    </ClCompile>
    <ClCompile Include="..\..\WatchX\Game\Games\Arduboy3D\Font.cpp">
      <Filter>Game\Games\Arduboy3D</Filter>
    </ClCompile>
    <ClCompile Include="..\..\WatchX\Game\Games\Arduboy3D\Game.cpp">
      <Filter>Game\Games\Arduboy3D</Filter>
    </ClCompile>
    <ClCompile Include="..\..\WatchX\Game\Games\Arduboy3D\Map.cpp">
      <Filter>Game\Games\Arduboy3D</Filter>
    </ClCompile>
    <ClCompile Include="..\..\WatchX\Game\Games\Arduboy3D\MapGenerator.cpp">
      <Filter>Game\Games\Arduboy3D</Filter>
    </ClCompile>
    <ClCompile Include="..\..\WatchX\Game\Games\Arduboy3D\Menu.cpp">
      <Filter>Game\Games\Arduboy3D</Filter>
    </ClCompile>
    <ClCompile Include="..\..\WatchX\Game\Games\Arduboy3D\Particle.cpp">
      <Filter>Game\Games\Arduboy3D</Filter>
    </ClCompile>
    <ClCompile Include="..\..\WatchX\Game\Games\Arduboy3D\Player.cpp">
      <Filter>Game\Games\Arduboy3D</Filter>
    </ClCompile>
    <ClCompile Include="..\..\WatchX\Game\Games\Arduboy3D\Projectile.cpp">
      <Filter>Game\Games\Arduboy3D</Filter>
    </ClCompile>
    <ClCompile Include="..\..\WatchX\Game\Games\Arduboy3D\Sounds.cpp">
      <Filter>Game\Games\Arduboy3D</Filter>
    </ClCompile>
    <ClCompile Include="..\..\WatchX\Game\ArduboyTones\ArduboyTones.cpp">
      <Filter>Game\ArduboyTones</Filter>
    </ClCompile>
    <ClCompile Include="..\..\WatchX\GUI\lv_port\lv_fs_if.c">
      <Filter>GUI\lv_port</Filter>
    </ClCompile>
    <ClCompile Include="..\..\WatchX\GUI\lv_port\lv_fs_pc.c">
      <Filter>GUI\lv_port</Filter>
    </ClCompile>
    <ClCompile Include="BSP\BSP_Clock.cpp">
      <Filter>BSP</Filter>
    </ClCompile>
    <ClCompile Include="..\..\WatchX\GUI\IMG\IMG_AppShadow2.c">
      <Filter>GUI\IMG</Filter>
    </ClCompile>
    <ClCompile Include="..\..\Libraries\lv_examples\assets\img_cogwheel_alpha16.c">
      <Filter>lv_examples\assets</Filter>
    </ClCompile>
    <ClCompile Include="..\..\Libraries\lv_examples\assets\img_cogwheel_argb.c">
      <Filter>lv_examples\assets</Filter>
    </ClCompile>
    <ClCompile Include="..\..\Libraries\lv_examples\assets\img_cogwheel_chroma_keyed.c">
      <Filter>lv_examples\assets</Filter>
    </ClCompile>
    <ClCompile Include="..\..\Libraries\lv_examples\assets\img_cogwheel_indexed16.c">
      <Filter>lv_examples\assets</Filter>
    </ClCompile>
    <ClCompile Include="..\..\Libraries\lv_examples\assets\img_cogwheel_rgb.c">
      <Filter>lv_examples\assets</Filter>
    </ClCompile>
    <ClCompile Include="..\..\Libraries\lv_examples\assets\img_hand.c">
      <Filter>lv_examples\assets</Filter>
    </ClCompile>
    <ClCompile Include="..\..\Libraries\lv_examples\assets\lv_font_montserrat_12_compr_az.c">
      <Filter>lv_examples\assets</Filter>
    </ClCompile>
    <ClCompile Include="..\..\Libraries\lv_examples\assets\lv_font_montserrat_16_compr_az.c">
      <Filter>lv_examples\assets</Filter>
    </ClCompile>
    <ClCompile Include="..\..\Libraries\lv_examples\assets\lv_font_montserrat_28_compr_az.c">
      <Filter>lv_examples\assets</Filter>
    </ClCompile>
    <ClCompile Include="..\..\Libraries\lv_examples\src\lv_demo_benchmark\lv_demo_benchmark.c">
      <Filter>lv_examples\src\lv_demo_benchmark</Filter>
    </ClCompile>
    <ClCompile Include="..\..\Libraries\lv_examples\src\lv_demo_widgets\lv_demo_widgets.c">
      <Filter>lv_examples\src\lv_demo_widgets</Filter>
    </ClCompile>
    <ClCompile Include="..\..\Libraries\lv_examples\src\lv_demo_stress\lv_demo_stress.c">
      <Filter>lv_examples\src\lv_demo_stress</Filter>
    </ClCompile>
    <ClCompile Include="..\..\Libraries\Evaluate\evaluate.c">
      <Filter>Libraries\Evaluate</Filter>
    </ClCompile>
    <ClCompile Include="..\..\WatchX\GUI\Page\Page_Sleep.cpp">
      <Filter>GUI\Page</Filter>
    </ClCompile>
    <ClCompile Include="..\..\WatchX\GUI\Font\Font_MicrosoftYaHei_20.c">
      <Filter>GUI\Font</Filter>
    </ClCompile>
    <ClCompile Include="..\..\WatchX\GUI\IMG\IMG_Down.c">
      <Filter>GUI\IMG</Filter>
    </ClCompile>
    <ClCompile Include="..\..\WatchX\GUI\IMG\IMG_SleepRect.c">
      <Filter>GUI\IMG</Filter>
    </ClCompile>
    <ClCompile Include="..\..\WatchX\GUI\IMG\IMG_UP.c">
      <Filter>GUI\IMG</Filter>
    </ClCompile>
    <ClCompile Include="..\..\WatchX\GUI\IMG\IMG_VOLUP.c">
      <Filter>GUI\IMG</Filter>
    </ClCompile>
    <ClCompile Include="..\..\WatchX\GUI\IMG\IMG_VOLDown.c">
      <Filter>GUI\IMG</Filter>
    </ClCompile>
    <ClCompile Include="..\..\WatchX\GUI\IMG\IMG_Forward.c">
      <Filter>GUI\IMG</Filter>
    </ClCompile>
    <ClCompile Include="..\..\WatchX\GUI\IMG\IMG_Backward.c">
      <Filter>GUI\IMG</Filter>
    </ClCompile>
    <ClCompile Include="..\..\WatchX\GUI\Page\Page_Music.cpp">
      <Filter>GUI\Page</Filter>
    </ClCompile>
    <ClCompile Include="..\..\WatchX\GUI\IMG\IMG_AlbumArt.c">
      <Filter>GUI\IMG</Filter>
    </ClCompile>
    <ClCompile Include="..\..\WatchX\GUI\Page\Page_Sport.cpp">
      <Filter>GUI\Page</Filter>
    </ClCompile>
    <ClCompile Include="..\..\WatchX\GUI\IMG\IMG_TinyStep.c">
      <Filter>GUI\IMG</Filter>
    </ClCompile>
    <ClCompile Include="..\..\WatchX\GUI\IMG\IMG_Stop.c">
      <Filter>GUI\IMG</Filter>
    </ClCompile>
    <ClCompile Include="..\..\WatchX\GUI\Page\Page_Game2048.cpp">
      <Filter>GUI\Page</Filter>
    </ClCompile>
    <ClCompile Include="..\..\Libraries\Matrix\matrixLib.c">
      <Filter>Libraries\Matrix</Filter>
    </ClCompile>
    <ClCompile Include="..\..\Libraries\Matrix\MemManager.c">
      <Filter>Libraries\MemManager</Filter>
    </ClCompile>
  </ItemGroup>
  <ItemGroup>
    <ClInclude Include="lv_drv_conf.h" />
    <ClInclude Include="SDL2\include\begin_code.h">
      <Filter>SDL2</Filter>
    </ClInclude>
    <ClInclude Include="SDL2\include\close_code.h">
      <Filter>SDL2</Filter>
    </ClInclude>
    <ClInclude Include="SDL2\include\SDL.h">
      <Filter>SDL2</Filter>
    </ClInclude>
    <ClInclude Include="SDL2\include\SDL_assert.h">
      <Filter>SDL2</Filter>
    </ClInclude>
    <ClInclude Include="SDL2\include\SDL_atomic.h">
      <Filter>SDL2</Filter>
    </ClInclude>
    <ClInclude Include="SDL2\include\SDL_audio.h">
      <Filter>SDL2</Filter>
    </ClInclude>
    <ClInclude Include="SDL2\include\SDL_bits.h">
      <Filter>SDL2</Filter>
    </ClInclude>
    <ClInclude Include="SDL2\include\SDL_blendmode.h">
      <Filter>SDL2</Filter>
    </ClInclude>
    <ClInclude Include="SDL2\include\SDL_clipboard.h">
      <Filter>SDL2</Filter>
    </ClInclude>
    <ClInclude Include="SDL2\include\SDL_config.h">
      <Filter>SDL2</Filter>
    </ClInclude>
    <ClInclude Include="SDL2\include\SDL_config_android.h">
      <Filter>SDL2</Filter>
    </ClInclude>
    <ClInclude Include="SDL2\include\SDL_config_iphoneos.h">
      <Filter>SDL2</Filter>
    </ClInclude>
    <ClInclude Include="SDL2\include\SDL_config_macosx.h">
      <Filter>SDL2</Filter>
    </ClInclude>
    <ClInclude Include="SDL2\include\SDL_config_minimal.h">
      <Filter>SDL2</Filter>
    </ClInclude>
    <ClInclude Include="SDL2\include\SDL_config_pandora.h">
      <Filter>SDL2</Filter>
    </ClInclude>
    <ClInclude Include="SDL2\include\SDL_config_psp.h">
      <Filter>SDL2</Filter>
    </ClInclude>
    <ClInclude Include="SDL2\include\SDL_config_windows.h">
      <Filter>SDL2</Filter>
    </ClInclude>
    <ClInclude Include="SDL2\include\SDL_config_winrt.h">
      <Filter>SDL2</Filter>
    </ClInclude>
    <ClInclude Include="SDL2\include\SDL_config_wiz.h">
      <Filter>SDL2</Filter>
    </ClInclude>
    <ClInclude Include="SDL2\include\SDL_copying.h">
      <Filter>SDL2</Filter>
    </ClInclude>
    <ClInclude Include="SDL2\include\SDL_cpuinfo.h">
      <Filter>SDL2</Filter>
    </ClInclude>
    <ClInclude Include="SDL2\include\SDL_egl.h">
      <Filter>SDL2</Filter>
    </ClInclude>
    <ClInclude Include="SDL2\include\SDL_endian.h">
      <Filter>SDL2</Filter>
    </ClInclude>
    <ClInclude Include="SDL2\include\SDL_error.h">
      <Filter>SDL2</Filter>
    </ClInclude>
    <ClInclude Include="SDL2\include\SDL_events.h">
      <Filter>SDL2</Filter>
    </ClInclude>
    <ClInclude Include="SDL2\include\SDL_filesystem.h">
      <Filter>SDL2</Filter>
    </ClInclude>
    <ClInclude Include="SDL2\include\SDL_gamecontroller.h">
      <Filter>SDL2</Filter>
    </ClInclude>
    <ClInclude Include="SDL2\include\SDL_gesture.h">
      <Filter>SDL2</Filter>
    </ClInclude>
    <ClInclude Include="SDL2\include\SDL_haptic.h">
      <Filter>SDL2</Filter>
    </ClInclude>
    <ClInclude Include="SDL2\include\SDL_hints.h">
      <Filter>SDL2</Filter>
    </ClInclude>
    <ClInclude Include="SDL2\include\SDL_joystick.h">
      <Filter>SDL2</Filter>
    </ClInclude>
    <ClInclude Include="SDL2\include\SDL_keyboard.h">
      <Filter>SDL2</Filter>
    </ClInclude>
    <ClInclude Include="SDL2\include\SDL_keycode.h">
      <Filter>SDL2</Filter>
    </ClInclude>
    <ClInclude Include="SDL2\include\SDL_loadso.h">
      <Filter>SDL2</Filter>
    </ClInclude>
    <ClInclude Include="SDL2\include\SDL_log.h">
      <Filter>SDL2</Filter>
    </ClInclude>
    <ClInclude Include="SDL2\include\SDL_main.h">
      <Filter>SDL2</Filter>
    </ClInclude>
    <ClInclude Include="SDL2\include\SDL_messagebox.h">
      <Filter>SDL2</Filter>
    </ClInclude>
    <ClInclude Include="SDL2\include\SDL_metal.h">
      <Filter>SDL2</Filter>
    </ClInclude>
    <ClInclude Include="SDL2\include\SDL_mouse.h">
      <Filter>SDL2</Filter>
    </ClInclude>
    <ClInclude Include="SDL2\include\SDL_mutex.h">
      <Filter>SDL2</Filter>
    </ClInclude>
    <ClInclude Include="SDL2\include\SDL_name.h">
      <Filter>SDL2</Filter>
    </ClInclude>
    <ClInclude Include="SDL2\include\SDL_opengl.h">
      <Filter>SDL2</Filter>
    </ClInclude>
    <ClInclude Include="SDL2\include\SDL_opengl_glext.h">
      <Filter>SDL2</Filter>
    </ClInclude>
    <ClInclude Include="SDL2\include\SDL_opengles.h">
      <Filter>SDL2</Filter>
    </ClInclude>
    <ClInclude Include="SDL2\include\SDL_opengles2.h">
      <Filter>SDL2</Filter>
    </ClInclude>
    <ClInclude Include="SDL2\include\SDL_opengles2_gl2.h">
      <Filter>SDL2</Filter>
    </ClInclude>
    <ClInclude Include="SDL2\include\SDL_opengles2_gl2ext.h">
      <Filter>SDL2</Filter>
    </ClInclude>
    <ClInclude Include="SDL2\include\SDL_opengles2_gl2platform.h">
      <Filter>SDL2</Filter>
    </ClInclude>
    <ClInclude Include="SDL2\include\SDL_opengles2_khrplatform.h">
      <Filter>SDL2</Filter>
    </ClInclude>
    <ClInclude Include="SDL2\include\SDL_pixels.h">
      <Filter>SDL2</Filter>
    </ClInclude>
    <ClInclude Include="SDL2\include\SDL_platform.h">
      <Filter>SDL2</Filter>
    </ClInclude>
    <ClInclude Include="SDL2\include\SDL_power.h">
      <Filter>SDL2</Filter>
    </ClInclude>
    <ClInclude Include="SDL2\include\SDL_quit.h">
      <Filter>SDL2</Filter>
    </ClInclude>
    <ClInclude Include="SDL2\include\SDL_rect.h">
      <Filter>SDL2</Filter>
    </ClInclude>
    <ClInclude Include="SDL2\include\SDL_render.h">
      <Filter>SDL2</Filter>
    </ClInclude>
    <ClInclude Include="SDL2\include\SDL_revision.h">
      <Filter>SDL2</Filter>
    </ClInclude>
    <ClInclude Include="SDL2\include\SDL_rwops.h">
      <Filter>SDL2</Filter>
    </ClInclude>
    <ClInclude Include="SDL2\include\SDL_scancode.h">
      <Filter>SDL2</Filter>
    </ClInclude>
    <ClInclude Include="SDL2\include\SDL_sensor.h">
      <Filter>SDL2</Filter>
    </ClInclude>
    <ClInclude Include="SDL2\include\SDL_shape.h">
      <Filter>SDL2</Filter>
    </ClInclude>
    <ClInclude Include="SDL2\include\SDL_stdinc.h">
      <Filter>SDL2</Filter>
    </ClInclude>
    <ClInclude Include="SDL2\include\SDL_surface.h">
      <Filter>SDL2</Filter>
    </ClInclude>
    <ClInclude Include="SDL2\include\SDL_system.h">
      <Filter>SDL2</Filter>
    </ClInclude>
    <ClInclude Include="SDL2\include\SDL_syswm.h">
      <Filter>SDL2</Filter>
    </ClInclude>
    <ClInclude Include="SDL2\include\SDL_test.h">
      <Filter>SDL2</Filter>
    </ClInclude>
    <ClInclude Include="SDL2\include\SDL_test_assert.h">
      <Filter>SDL2</Filter>
    </ClInclude>
    <ClInclude Include="SDL2\include\SDL_test_common.h">
      <Filter>SDL2</Filter>
    </ClInclude>
    <ClInclude Include="SDL2\include\SDL_test_compare.h">
      <Filter>SDL2</Filter>
    </ClInclude>
    <ClInclude Include="SDL2\include\SDL_test_crc32.h">
      <Filter>SDL2</Filter>
    </ClInclude>
    <ClInclude Include="SDL2\include\SDL_test_font.h">
      <Filter>SDL2</Filter>
    </ClInclude>
    <ClInclude Include="SDL2\include\SDL_test_fuzzer.h">
      <Filter>SDL2</Filter>
    </ClInclude>
    <ClInclude Include="SDL2\include\SDL_test_harness.h">
      <Filter>SDL2</Filter>
    </ClInclude>
    <ClInclude Include="SDL2\include\SDL_test_images.h">
      <Filter>SDL2</Filter>
    </ClInclude>
    <ClInclude Include="SDL2\include\SDL_test_log.h">
      <Filter>SDL2</Filter>
    </ClInclude>
    <ClInclude Include="SDL2\include\SDL_test_md5.h">
      <Filter>SDL2</Filter>
    </ClInclude>
    <ClInclude Include="SDL2\include\SDL_test_memory.h">
      <Filter>SDL2</Filter>
    </ClInclude>
    <ClInclude Include="SDL2\include\SDL_test_random.h">
      <Filter>SDL2</Filter>
    </ClInclude>
    <ClInclude Include="SDL2\include\SDL_thread.h">
      <Filter>SDL2</Filter>
    </ClInclude>
    <ClInclude Include="SDL2\include\SDL_timer.h">
      <Filter>SDL2</Filter>
    </ClInclude>
    <ClInclude Include="SDL2\include\SDL_touch.h">
      <Filter>SDL2</Filter>
    </ClInclude>
    <ClInclude Include="SDL2\include\SDL_types.h">
      <Filter>SDL2</Filter>
    </ClInclude>
    <ClInclude Include="SDL2\include\SDL_version.h">
      <Filter>SDL2</Filter>
    </ClInclude>
    <ClInclude Include="SDL2\include\SDL_video.h">
      <Filter>SDL2</Filter>
    </ClInclude>
    <ClInclude Include="SDL2\include\SDL_vulkan.h">
      <Filter>SDL2</Filter>
    </ClInclude>
    <ClInclude Include="lv_drivers\indev\AD_touch.h">
      <Filter>lv_drivers</Filter>
    </ClInclude>
    <ClInclude Include="lv_drivers\indev\evdev.h">
      <Filter>lv_drivers</Filter>
    </ClInclude>
    <ClInclude Include="lv_drivers\indev\FT5406EE8.h">
      <Filter>lv_drivers</Filter>
    </ClInclude>
    <ClInclude Include="lv_drivers\indev\keyboard.h">
      <Filter>lv_drivers</Filter>
    </ClInclude>
    <ClInclude Include="lv_drivers\indev\libinput_drv.h">
      <Filter>lv_drivers</Filter>
    </ClInclude>
    <ClInclude Include="lv_drivers\indev\mouse.h">
      <Filter>lv_drivers</Filter>
    </ClInclude>
    <ClInclude Include="lv_drivers\indev\mousewheel.h">
      <Filter>lv_drivers</Filter>
    </ClInclude>
    <ClInclude Include="lv_drivers\indev\XPT2046.h">
      <Filter>lv_drivers</Filter>
    </ClInclude>
    <ClInclude Include="lv_drivers\win_drv.h">
      <Filter>lv_drivers</Filter>
    </ClInclude>
    <ClInclude Include="..\..\Libraries\lv_conf.h" />
    <ClInclude Include="..\..\WatchX\Basic\CommonMacro.h">
      <Filter>Basic</Filter>
    </ClInclude>
    <ClInclude Include="..\..\WatchX\Basic\FileGroup.h">
      <Filter>Basic</Filter>
    </ClInclude>
    <ClInclude Include="..\..\WatchX\Basic\SysConfig.h">
      <Filter>Basic</Filter>
    </ClInclude>
    <ClInclude Include="..\..\WatchX\GUI\DisplayPrivate.h">
      <Filter>GUI</Filter>
    </ClInclude>
    <ClInclude Include="..\..\WatchX\GUI\lv_ext\lv_label_anim_effect.h">
      <Filter>GUI\lv_ext</Filter>
    </ClInclude>
    <ClInclude Include="..\..\WatchX\GUI\lv_ext\lv_obj_ext_func.h">
      <Filter>GUI\lv_ext</Filter>
    </ClInclude>
    <ClInclude Include="..\..\WatchX\GUI\lv_ext\lv_theme_watchx.h">
      <Filter>GUI\lv_ext</Filter>
    </ClInclude>
    <ClInclude Include="lv_drivers\display\fbdev.h">
      <Filter>lv_drivers</Filter>
    </ClInclude>
    <ClInclude Include="lv_drivers\display\monitor.h">
      <Filter>lv_drivers</Filter>
    </ClInclude>
    <ClInclude Include="lv_drivers\display\R61581.h">
      <Filter>lv_drivers</Filter>
    </ClInclude>
    <ClInclude Include="lv_drivers\display\SHARP_MIP.h">
      <Filter>lv_drivers</Filter>
    </ClInclude>
    <ClInclude Include="lv_drivers\display\SSD1963.h">
      <Filter>lv_drivers</Filter>
    </ClInclude>
    <ClInclude Include="lv_drivers\display\ST7565.h">
      <Filter>lv_drivers</Filter>
    </ClInclude>
    <ClInclude Include="lv_drivers\display\UC1610.h">
      <Filter>lv_drivers</Filter>
    </ClInclude>
    <ClInclude Include="..\..\WatchX\BSP\BSP.h">
      <Filter>BSP</Filter>
    </ClInclude>
    <ClInclude Include="..\..\WatchX\GUI\lv_ext\lv_anim_timeline.h">
      <Filter>GUI\lv_ext</Filter>
    </ClInclude>
    <ClInclude Include="..\..\Libraries\lvgl\src\lv_core\lv_disp.h">
      <Filter>lvgl\src\lv_core</Filter>
    </ClInclude>
    <ClInclude Include="..\..\Libraries\lvgl\src\lv_core\lv_group.h">
      <Filter>lvgl\src\lv_core</Filter>
    </ClInclude>
    <ClInclude Include="..\..\Libraries\lvgl\src\lv_core\lv_indev.h">
      <Filter>lvgl\src\lv_core</Filter>
    </ClInclude>
    <ClInclude Include="..\..\Libraries\lvgl\src\lv_core\lv_obj.h">
      <Filter>lvgl\src\lv_core</Filter>
    </ClInclude>
    <ClInclude Include="..\..\Libraries\lvgl\src\lv_core\lv_obj_style_dec.h">
      <Filter>lvgl\src\lv_core</Filter>
    </ClInclude>
    <ClInclude Include="..\..\Libraries\lvgl\src\lv_core\lv_refr.h">
      <Filter>lvgl\src\lv_core</Filter>
    </ClInclude>
    <ClInclude Include="..\..\Libraries\lvgl\src\lv_core\lv_style.h">
      <Filter>lvgl\src\lv_core</Filter>
    </ClInclude>
    <ClInclude Include="..\..\Libraries\lvgl\src\lv_draw\lv_draw.h">
      <Filter>lvgl\src\lv_draw</Filter>
    </ClInclude>
    <ClInclude Include="..\..\Libraries\lvgl\src\lv_draw\lv_draw_arc.h">
      <Filter>lvgl\src\lv_draw</Filter>
    </ClInclude>
    <ClInclude Include="..\..\Libraries\lvgl\src\lv_draw\lv_draw_blend.h">
      <Filter>lvgl\src\lv_draw</Filter>
    </ClInclude>
    <ClInclude Include="..\..\Libraries\lvgl\src\lv_draw\lv_draw_img.h">
      <Filter>lvgl\src\lv_draw</Filter>
    </ClInclude>
    <ClInclude Include="..\..\Libraries\lvgl\src\lv_draw\lv_draw_label.h">
      <Filter>lvgl\src\lv_draw</Filter>
    </ClInclude>
    <ClInclude Include="..\..\Libraries\lvgl\src\lv_draw\lv_draw_line.h">
      <Filter>lvgl\src\lv_draw</Filter>
    </ClInclude>
    <ClInclude Include="..\..\Libraries\lvgl\src\lv_draw\lv_draw_mask.h">
      <Filter>lvgl\src\lv_draw</Filter>
    </ClInclude>
    <ClInclude Include="..\..\Libraries\lvgl\src\lv_draw\lv_draw_rect.h">
      <Filter>lvgl\src\lv_draw</Filter>
    </ClInclude>
    <ClInclude Include="..\..\Libraries\lvgl\src\lv_draw\lv_draw_triangle.h">
      <Filter>lvgl\src\lv_draw</Filter>
    </ClInclude>
    <ClInclude Include="..\..\Libraries\lvgl\src\lv_draw\lv_img_buf.h">
      <Filter>lvgl\src\lv_draw</Filter>
    </ClInclude>
    <ClInclude Include="..\..\Libraries\lvgl\src\lv_draw\lv_img_cache.h">
      <Filter>lvgl\src\lv_draw</Filter>
    </ClInclude>
    <ClInclude Include="..\..\Libraries\lvgl\src\lv_draw\lv_img_decoder.h">
      <Filter>lvgl\src\lv_draw</Filter>
    </ClInclude>
    <ClInclude Include="..\..\Libraries\lvgl\src\lv_font\lv_font.h">
      <Filter>lvgl\src\lv_font</Filter>
    </ClInclude>
    <ClInclude Include="..\..\Libraries\lvgl\src\lv_font\lv_font_fmt_txt.h">
      <Filter>lvgl\src\lv_font</Filter>
    </ClInclude>
    <ClInclude Include="..\..\Libraries\lvgl\src\lv_font\lv_font_loader.h">
      <Filter>lvgl\src\lv_font</Filter>
    </ClInclude>
    <ClInclude Include="..\..\Libraries\lvgl\src\lv_font\lv_symbol_def.h">
      <Filter>lvgl\src\lv_font</Filter>
    </ClInclude>
    <ClInclude Include="..\..\Libraries\lvgl\src\lv_hal\lv_hal.h">
      <Filter>lvgl\src\lv_hal</Filter>
    </ClInclude>
    <ClInclude Include="..\..\Libraries\lvgl\src\lv_hal\lv_hal_disp.h">
      <Filter>lvgl\src\lv_hal</Filter>
    </ClInclude>
    <ClInclude Include="..\..\Libraries\lvgl\src\lv_hal\lv_hal_indev.h">
      <Filter>lvgl\src\lv_hal</Filter>
    </ClInclude>
    <ClInclude Include="..\..\Libraries\lvgl\src\lv_hal\lv_hal_tick.h">
      <Filter>lvgl\src\lv_hal</Filter>
    </ClInclude>
    <ClInclude Include="..\..\Libraries\lvgl\src\lv_misc\lv_anim.h">
      <Filter>lvgl\src\lv_misc</Filter>
    </ClInclude>
    <ClInclude Include="..\..\Libraries\lvgl\src\lv_misc\lv_area.h">
      <Filter>lvgl\src\lv_misc</Filter>
    </ClInclude>
    <ClInclude Include="..\..\Libraries\lvgl\src\lv_misc\lv_async.h">
      <Filter>lvgl\src\lv_misc</Filter>
    </ClInclude>
    <ClInclude Include="..\..\Libraries\lvgl\src\lv_misc\lv_bidi.h">
      <Filter>lvgl\src\lv_misc</Filter>
    </ClInclude>
    <ClInclude Include="..\..\Libraries\lvgl\src\lv_misc\lv_color.h">
      <Filter>lvgl\src\lv_misc</Filter>
    </ClInclude>
    <ClInclude Include="..\..\Libraries\lvgl\src\lv_misc\lv_debug.h">
      <Filter>lvgl\src\lv_misc</Filter>
    </ClInclude>
    <ClInclude Include="..\..\Libraries\lvgl\src\lv_misc\lv_fs.h">
      <Filter>lvgl\src\lv_misc</Filter>
    </ClInclude>
    <ClInclude Include="..\..\Libraries\lvgl\src\lv_misc\lv_gc.h">
      <Filter>lvgl\src\lv_misc</Filter>
    </ClInclude>
    <ClInclude Include="..\..\Libraries\lvgl\src\lv_misc\lv_ll.h">
      <Filter>lvgl\src\lv_misc</Filter>
    </ClInclude>
    <ClInclude Include="..\..\Libraries\lvgl\src\lv_misc\lv_log.h">
      <Filter>lvgl\src\lv_misc</Filter>
    </ClInclude>
    <ClInclude Include="..\..\Libraries\lvgl\src\lv_misc\lv_math.h">
      <Filter>lvgl\src\lv_misc</Filter>
    </ClInclude>
    <ClInclude Include="..\..\Libraries\lvgl\src\lv_misc\lv_mem.h">
      <Filter>lvgl\src\lv_misc</Filter>
    </ClInclude>
    <ClInclude Include="..\..\Libraries\lvgl\src\lv_misc\lv_printf.h">
      <Filter>lvgl\src\lv_misc</Filter>
    </ClInclude>
    <ClInclude Include="..\..\Libraries\lvgl\src\lv_misc\lv_task.h">
      <Filter>lvgl\src\lv_misc</Filter>
    </ClInclude>
    <ClInclude Include="..\..\Libraries\lvgl\src\lv_misc\lv_templ.h">
      <Filter>lvgl\src\lv_misc</Filter>
    </ClInclude>
    <ClInclude Include="..\..\Libraries\lvgl\src\lv_misc\lv_txt.h">
      <Filter>lvgl\src\lv_misc</Filter>
    </ClInclude>
    <ClInclude Include="..\..\Libraries\lvgl\src\lv_misc\lv_txt_ap.h">
      <Filter>lvgl\src\lv_misc</Filter>
    </ClInclude>
    <ClInclude Include="..\..\Libraries\lvgl\src\lv_misc\lv_types.h">
      <Filter>lvgl\src\lv_misc</Filter>
    </ClInclude>
    <ClInclude Include="..\..\Libraries\lvgl\src\lv_misc\lv_utils.h">
      <Filter>lvgl\src\lv_misc</Filter>
    </ClInclude>
    <ClInclude Include="..\..\Libraries\lvgl\src\lv_themes\lv_theme.h">
      <Filter>lvgl\src\lv_themes</Filter>
    </ClInclude>
    <ClInclude Include="..\..\Libraries\lvgl\src\lv_themes\lv_theme_empty.h">
      <Filter>lvgl\src\lv_themes</Filter>
    </ClInclude>
    <ClInclude Include="..\..\Libraries\lvgl\src\lv_themes\lv_theme_material.h">
      <Filter>lvgl\src\lv_themes</Filter>
    </ClInclude>
    <ClInclude Include="..\..\Libraries\lvgl\src\lv_themes\lv_theme_mono.h">
      <Filter>lvgl\src\lv_themes</Filter>
    </ClInclude>
    <ClInclude Include="..\..\Libraries\lvgl\src\lv_themes\lv_theme_template.h">
      <Filter>lvgl\src\lv_themes</Filter>
    </ClInclude>
    <ClInclude Include="..\..\Libraries\lvgl\src\lv_widgets\lv_arc.h">
      <Filter>lvgl\src\lv_widgets</Filter>
    </ClInclude>
    <ClInclude Include="..\..\Libraries\lvgl\src\lv_widgets\lv_bar.h">
      <Filter>lvgl\src\lv_widgets</Filter>
    </ClInclude>
    <ClInclude Include="..\..\Libraries\lvgl\src\lv_widgets\lv_btn.h">
      <Filter>lvgl\src\lv_widgets</Filter>
    </ClInclude>
    <ClInclude Include="..\..\Libraries\lvgl\src\lv_widgets\lv_btnmatrix.h">
      <Filter>lvgl\src\lv_widgets</Filter>
    </ClInclude>
    <ClInclude Include="..\..\Libraries\lvgl\src\lv_widgets\lv_calendar.h">
      <Filter>lvgl\src\lv_widgets</Filter>
    </ClInclude>
    <ClInclude Include="..\..\Libraries\lvgl\src\lv_widgets\lv_canvas.h">
      <Filter>lvgl\src\lv_widgets</Filter>
    </ClInclude>
    <ClInclude Include="..\..\Libraries\lvgl\src\lv_widgets\lv_chart.h">
      <Filter>lvgl\src\lv_widgets</Filter>
    </ClInclude>
    <ClInclude Include="..\..\Libraries\lvgl\src\lv_widgets\lv_checkbox.h">
      <Filter>lvgl\src\lv_widgets</Filter>
    </ClInclude>
    <ClInclude Include="..\..\Libraries\lvgl\src\lv_widgets\lv_cont.h">
      <Filter>lvgl\src\lv_widgets</Filter>
    </ClInclude>
    <ClInclude Include="..\..\Libraries\lvgl\src\lv_widgets\lv_cpicker.h">
      <Filter>lvgl\src\lv_widgets</Filter>
    </ClInclude>
    <ClInclude Include="..\..\Libraries\lvgl\src\lv_widgets\lv_dropdown.h">
      <Filter>lvgl\src\lv_widgets</Filter>
    </ClInclude>
    <ClInclude Include="..\..\Libraries\lvgl\src\lv_widgets\lv_gauge.h">
      <Filter>lvgl\src\lv_widgets</Filter>
    </ClInclude>
    <ClInclude Include="..\..\Libraries\lvgl\src\lv_widgets\lv_img.h">
      <Filter>lvgl\src\lv_widgets</Filter>
    </ClInclude>
    <ClInclude Include="..\..\Libraries\lvgl\src\lv_widgets\lv_imgbtn.h">
      <Filter>lvgl\src\lv_widgets</Filter>
    </ClInclude>
    <ClInclude Include="..\..\Libraries\lvgl\src\lv_widgets\lv_keyboard.h">
      <Filter>lvgl\src\lv_widgets</Filter>
    </ClInclude>
    <ClInclude Include="..\..\Libraries\lvgl\src\lv_widgets\lv_label.h">
      <Filter>lvgl\src\lv_widgets</Filter>
    </ClInclude>
    <ClInclude Include="..\..\Libraries\lvgl\src\lv_widgets\lv_led.h">
      <Filter>lvgl\src\lv_widgets</Filter>
    </ClInclude>
    <ClInclude Include="..\..\Libraries\lvgl\src\lv_widgets\lv_line.h">
      <Filter>lvgl\src\lv_widgets</Filter>
    </ClInclude>
    <ClInclude Include="..\..\Libraries\lvgl\src\lv_widgets\lv_linemeter.h">
      <Filter>lvgl\src\lv_widgets</Filter>
    </ClInclude>
    <ClInclude Include="..\..\Libraries\lvgl\src\lv_widgets\lv_list.h">
      <Filter>lvgl\src\lv_widgets</Filter>
    </ClInclude>
    <ClInclude Include="..\..\Libraries\lvgl\src\lv_widgets\lv_msgbox.h">
      <Filter>lvgl\src\lv_widgets</Filter>
    </ClInclude>
    <ClInclude Include="..\..\Libraries\lvgl\src\lv_widgets\lv_objmask.h">
      <Filter>lvgl\src\lv_widgets</Filter>
    </ClInclude>
    <ClInclude Include="..\..\Libraries\lvgl\src\lv_widgets\lv_objx_templ.h">
      <Filter>lvgl\src\lv_widgets</Filter>
    </ClInclude>
    <ClInclude Include="..\..\Libraries\lvgl\src\lv_widgets\lv_page.h">
      <Filter>lvgl\src\lv_widgets</Filter>
    </ClInclude>
    <ClInclude Include="..\..\Libraries\lvgl\src\lv_widgets\lv_roller.h">
      <Filter>lvgl\src\lv_widgets</Filter>
    </ClInclude>
    <ClInclude Include="..\..\Libraries\lvgl\src\lv_widgets\lv_slider.h">
      <Filter>lvgl\src\lv_widgets</Filter>
    </ClInclude>
    <ClInclude Include="..\..\Libraries\lvgl\src\lv_widgets\lv_spinbox.h">
      <Filter>lvgl\src\lv_widgets</Filter>
    </ClInclude>
    <ClInclude Include="..\..\Libraries\lvgl\src\lv_widgets\lv_spinner.h">
      <Filter>lvgl\src\lv_widgets</Filter>
    </ClInclude>
    <ClInclude Include="..\..\Libraries\lvgl\src\lv_widgets\lv_switch.h">
      <Filter>lvgl\src\lv_widgets</Filter>
    </ClInclude>
    <ClInclude Include="..\..\Libraries\lvgl\src\lv_widgets\lv_table.h">
      <Filter>lvgl\src\lv_widgets</Filter>
    </ClInclude>
    <ClInclude Include="..\..\Libraries\lvgl\src\lv_widgets\lv_tabview.h">
      <Filter>lvgl\src\lv_widgets</Filter>
    </ClInclude>
    <ClInclude Include="..\..\Libraries\lvgl\src\lv_widgets\lv_textarea.h">
      <Filter>lvgl\src\lv_widgets</Filter>
    </ClInclude>
    <ClInclude Include="..\..\Libraries\lvgl\src\lv_widgets\lv_tileview.h">
      <Filter>lvgl\src\lv_widgets</Filter>
    </ClInclude>
    <ClInclude Include="..\..\Libraries\lvgl\src\lv_widgets\lv_win.h">
      <Filter>lvgl\src\lv_widgets</Filter>
    </ClInclude>
    <ClInclude Include="..\..\Libraries\lvgl\lv_conf_template.h">
      <Filter>lvgl</Filter>
    </ClInclude>
    <ClInclude Include="..\..\Libraries\lvgl\lvgl.h">
      <Filter>lvgl</Filter>
    </ClInclude>
    <ClInclude Include="..\..\Libraries\lvgl\src\lv_api_map.h">
      <Filter>lvgl\src</Filter>
    </ClInclude>
    <ClInclude Include="..\..\Libraries\lvgl\src\lv_conf_internal.h">
      <Filter>lvgl\src</Filter>
    </ClInclude>
    <ClInclude Include="..\..\Libraries\lvgl\src\lv_conf_kconfig.h">
      <Filter>lvgl\src</Filter>
    </ClInclude>
    <ClInclude Include="..\..\Libraries\lvgl\src\lvgl.h">
      <Filter>lvgl\src</Filter>
    </ClInclude>
    <ClInclude Include="..\..\WatchX\Game\GameDisp.h">
      <Filter>Game</Filter>
    </ClInclude>
    <ClInclude Include="..\..\WatchX\Game\GamePrivate.h">
      <Filter>Game</Filter>
    </ClInclude>
    <ClInclude Include="..\..\WatchX\Game\Arduboy\audio\audio.h">
      <Filter>Game\Arduboy\audio</Filter>
    </ClInclude>
    <ClInclude Include="..\..\WatchX\Game\Arduboy\core\core.h">
      <Filter>Game\Arduboy\core</Filter>
    </ClInclude>
    <ClInclude Include="..\..\WatchX\Game\Arduboy\Arduboy.h">
      <Filter>Game\Arduboy</Filter>
    </ClInclude>
    <ClInclude Include="..\..\WatchX\Game\Arduboy2\Arduboy2.h">
      <Filter>Game\Arduboy2</Filter>
    </ClInclude>
    <ClInclude Include="..\..\WatchX\Game\Arduboy2\Arduboy2Audio.h">
      <Filter>Game\Arduboy2</Filter>
    </ClInclude>
    <ClInclude Include="..\..\WatchX\Game\Arduboy2\Arduboy2Beep.h">
      <Filter>Game\Arduboy2</Filter>
    </ClInclude>
    <ClInclude Include="..\..\WatchX\Game\Arduboy2\Arduboy2Core.h">
      <Filter>Game\Arduboy2</Filter>
    </ClInclude>
    <ClInclude Include="..\..\WatchX\Game\Arduboy2\Sprites.h">
      <Filter>Game\Arduboy2</Filter>
    </ClInclude>
    <ClInclude Include="..\..\WatchX\Game\Arduboy2\SpritesB.h">
      <Filter>Game\Arduboy2</Filter>
    </ClInclude>
    <ClInclude Include="..\..\WatchX\Game\Arduboy2\SpritesCommon.h">
      <Filter>Game\Arduboy2</Filter>
    </ClInclude>
    <ClInclude Include="..\..\WatchX\Game\ArduinoLib\Arduino.h">
      <Filter>Game\ArduinoLib</Filter>
    </ClInclude>
    <ClInclude Include="..\..\WatchX\Game\ArduinoLib\binary.h">
      <Filter>Game\ArduinoLib</Filter>
    </ClInclude>
    <ClInclude Include="..\..\WatchX\Game\ArduinoLib\dtostrf.h">
      <Filter>Game\ArduinoLib</Filter>
    </ClInclude>
    <ClInclude Include="..\..\WatchX\Game\ArduinoLib\Print.h">
      <Filter>Game\ArduinoLib</Filter>
    </ClInclude>
    <ClInclude Include="..\..\WatchX\Game\ArduinoLib\Printable.h">
      <Filter>Game\ArduinoLib</Filter>
    </ClInclude>
    <ClInclude Include="..\..\WatchX\Game\ArduinoLib\Stream.h">
      <Filter>Game\ArduinoLib</Filter>
    </ClInclude>
    <ClInclude Include="..\..\WatchX\Game\ArduinoLib\WCharacter.h">
      <Filter>Game\ArduinoLib</Filter>
    </ClInclude>
    <ClInclude Include="..\..\WatchX\Game\ArduinoLib\wirish_math.h">
      <Filter>Game\ArduinoLib</Filter>
    </ClInclude>
    <ClInclude Include="..\..\WatchX\Game\ArduinoLib\WMath.h">
      <Filter>Game\ArduinoLib</Filter>
    </ClInclude>
    <ClInclude Include="..\..\WatchX\Game\ArduinoLib\WProgram.h">
      <Filter>Game\ArduinoLib</Filter>
    </ClInclude>
    <ClInclude Include="..\..\WatchX\Game\ArduinoLib\WString.h">
      <Filter>Game\ArduinoLib</Filter>
    </ClInclude>
    <ClInclude Include="..\..\Libraries\PageManager\PageManager.h">
      <Filter>Libraries\PageManager</Filter>
    </ClInclude>
    <ClInclude Include="..\..\Libraries\EEPROM_File\EEPROM_File.h">
      <Filter>Libraries\EEPROM_File</Filter>
    </ClInclude>
    <ClInclude Include="..\..\WatchX\Game\Games\chribocchi\common.h">
      <Filter>Game\Games\chribocchi</Filter>
    </ClInclude>
    <ClInclude Include="..\..\WatchX\Game\Games\chribocchi\MyArduboy.h">
      <Filter>Game\Games\chribocchi</Filter>
    </ClInclude>
    <ClInclude Include="..\..\WatchX\Game\Games\Arduboy3D\Defines.h">
      <Filter>Game\Games\Arduboy3D</Filter>
    </ClInclude>
    <ClInclude Include="..\..\WatchX\Game\Games\Arduboy3D\Draw.h">
      <Filter>Game\Games\Arduboy3D</Filter>
    </ClInclude>
    <ClInclude Include="..\..\WatchX\Game\Games\Arduboy3D\Enemy.h">
      <Filter>Game\Games\Arduboy3D</Filter>
    </ClInclude>
    <ClInclude Include="..\..\WatchX\Game\Games\Arduboy3D\Entity.h">
      <Filter>Game\Games\Arduboy3D</Filter>
    </ClInclude>
    <ClInclude Include="..\..\WatchX\Game\Games\Arduboy3D\FixedMath.h">
      <Filter>Game\Games\Arduboy3D</Filter>
    </ClInclude>
    <ClInclude Include="..\..\WatchX\Game\Games\Arduboy3D\Font.h">
      <Filter>Game\Games\Arduboy3D</Filter>
    </ClInclude>
    <ClInclude Include="..\..\WatchX\Game\Games\Arduboy3D\Game.h">
      <Filter>Game\Games\Arduboy3D</Filter>
    </ClInclude>
    <ClInclude Include="..\..\WatchX\Game\Games\Arduboy3D\Images.inc.h">
      <Filter>Game\Games\Arduboy3D</Filter>
    </ClInclude>
    <ClInclude Include="..\..\WatchX\Game\Games\Arduboy3D\LUT.h">
      <Filter>Game\Games\Arduboy3D</Filter>
    </ClInclude>
    <ClInclude Include="..\..\WatchX\Game\Games\Arduboy3D\Map.h">
      <Filter>Game\Games\Arduboy3D</Filter>
    </ClInclude>
    <ClInclude Include="..\..\WatchX\Game\Games\Arduboy3D\MapGenerator.h">
      <Filter>Game\Games\Arduboy3D</Filter>
    </ClInclude>
    <ClInclude Include="..\..\WatchX\Game\Games\Arduboy3D\Menu.h">
      <Filter>Game\Games\Arduboy3D</Filter>
    </ClInclude>
    <ClInclude Include="..\..\WatchX\Game\Games\Arduboy3D\Particle.h">
      <Filter>Game\Games\Arduboy3D</Filter>
    </ClInclude>
    <ClInclude Include="..\..\WatchX\Game\Games\Arduboy3D\Platform.h">
      <Filter>Game\Games\Arduboy3D</Filter>
    </ClInclude>
    <ClInclude Include="..\..\WatchX\Game\Games\Arduboy3D\Player.h">
      <Filter>Game\Games\Arduboy3D</Filter>
    </ClInclude>
    <ClInclude Include="..\..\WatchX\Game\Games\Arduboy3D\Projectile.h">
      <Filter>Game\Games\Arduboy3D</Filter>
    </ClInclude>
    <ClInclude Include="..\..\WatchX\Game\Games\Arduboy3D\Sounds.h">
      <Filter>Game\Games\Arduboy3D</Filter>
    </ClInclude>
    <ClInclude Include="..\..\WatchX\Game\Games\Arduboy3D\Textures.h">
      <Filter>Game\Games\Arduboy3D</Filter>
    </ClInclude>
    <ClInclude Include="..\..\WatchX\Game\Games\Arduboy3D\Generated\SpriteData.inc.h">
      <Filter>Game\Games\Arduboy3D\Generated</Filter>
    </ClInclude>
    <ClInclude Include="..\..\WatchX\Game\Games\Arduboy3D\Generated\SpriteTypes.h">
      <Filter>Game\Games\Arduboy3D\Generated</Filter>
    </ClInclude>
    <ClInclude Include="..\..\WatchX\Game\ArduboyTones\ArduboyTones.h">
      <Filter>Game\ArduboyTones</Filter>
    </ClInclude>
    <ClInclude Include="..\..\WatchX\Game\ArduboyTones\ArduboyTonesPitches.h">
      <Filter>Game\ArduboyTones</Filter>
    </ClInclude>
    <ClInclude Include="..\..\WatchX\GUI\lv_port\lv_fs_if.h">
      <Filter>GUI\lv_port</Filter>
    </ClInclude>
    <ClInclude Include="..\..\Libraries\lv_examples\src\lv_demo_benchmark\lv_demo_benchmark.h">
      <Filter>lv_examples\src\lv_demo_benchmark</Filter>
    </ClInclude>
    <ClInclude Include="..\..\Libraries\lv_examples\src\lv_demo_widgets\lv_demo_widgets.h">
      <Filter>lv_examples\src\lv_demo_widgets</Filter>
    </ClInclude>
    <ClInclude Include="..\..\Libraries\lv_examples\src\lv_demo_stress\lv_demo_stress.h">
      <Filter>lv_examples\src\lv_demo_stress</Filter>
    </ClInclude>
    <ClInclude Include="..\..\Libraries\lv_examples\src\lv_examples.h">
      <Filter>lv_examples</Filter>
    </ClInclude>
    <ClInclude Include="..\..\Libraries\lv_ex_conf.h">
      <Filter>lv_examples</Filter>
    </ClInclude>
    <ClInclude Include="..\..\Libraries\Evaluate\evaluate.h">
      <Filter>Libraries\Evaluate</Filter>
    </ClInclude>
    <ClInclude Include="..\..\Libraries\Matrix\matrix.h">
      <Filter>Libraries\Matrix</Filter>
    </ClInclude>
    <ClInclude Include="..\..\Libraries\Matrix\MM.h">
      <Filter>Libraries\MemManager</Filter>
    </ClInclude>
  </ItemGroup>
  <ItemGroup>
    <None Include="SDL2.dll" />
    <None Include="SDL2\include\SDL_config.h.cmake">
      <Filter>SDL2</Filter>
    </None>
    <None Include="SDL2\include\SDL_config.h.in">
      <Filter>SDL2</Filter>
    </None>
    <None Include="SDL2\include\SDL_config_macosx.h.orig">
      <Filter>SDL2</Filter>
    </None>
    <None Include="..\..\Libraries\lvgl\src\lv_core\lv_core.mk">
      <Filter>lvgl\src\lv_core</Filter>
    </None>
    <None Include="..\..\Libraries\lvgl\src\lv_draw\lv_draw.mk">
      <Filter>lvgl\src\lv_draw</Filter>
    </None>
    <None Include="..\..\Libraries\lvgl\src\lv_font\lv_font.mk">
      <Filter>lvgl\src\lv_font</Filter>
    </None>
    <None Include="..\..\Libraries\lvgl\src\lv_hal\lv_hal.mk">
      <Filter>lvgl\src\lv_hal</Filter>
    </None>
    <None Include="..\..\Libraries\lvgl\src\lv_misc\lv_misc.mk">
      <Filter>lvgl\src\lv_misc</Filter>
    </None>
    <None Include="..\..\Libraries\lvgl\src\lv_themes\lv_themes.mk">
      <Filter>lvgl\src\lv_themes</Filter>
    </None>
    <None Include="..\..\Libraries\lvgl\src\lv_widgets\lv_widgets.mk">
      <Filter>lvgl\src\lv_widgets</Filter>
    </None>
    <None Include="..\..\Libraries\lvgl\CHANGELOG.md">
      <Filter>lvgl</Filter>
    </None>
    <None Include="..\..\Libraries\lvgl\lvgl.mk">
      <Filter>lvgl</Filter>
    </None>
    <None Include="..\..\Libraries\lvgl\README.md">
      <Filter>lvgl</Filter>
    </None>
  </ItemGroup>
  <ItemGroup>
    <Text Include="..\..\Libraries\lvgl\LICENCE.txt">
      <Filter>lvgl</Filter>
    </Text>
  </ItemGroup>
</Project>